
Microsoft Visual Studio Solution File, Format Version 12.00
# Visual Studio Version 16
VisualStudioVersion = 16.0.29709.97
MinimumVisualStudioVersion = 10.0.40219.1
Project("{FAE04EC0-301F-11D3-BF4B-00C04F79EFBC}") = "TurkceGridMvc", "TurkceGridMvc\TurkceGridMvc.csproj", "{A1D942C5-BCBC-40C1-8712-99E9002AE48A}"
EndProject
Global
	GlobalSection(SolutionConfigurationPlatforms) = preSolution
		Debug|Any CPU = Debug|Any CPU
		Release|Any CPU = Release|Any CPU
	EndGlobalSection
	GlobalSection(ProjectConfigurationPlatforms) = postSolution
		{A1D942C5-BCBC-40C1-8712-99E9002AE48A}.Debug|Any CPU.ActiveCfg = Debug|Any CPU
		{A1D942C5-BCBC-40C1-8712-99E9002AE48A}.Debug|Any CPU.Build.0 = Debug|Any CPU
		{A1D942C5-BCBC-40C1-8712-99E9002AE48A}.Release|Any CPU.ActiveCfg = Release|Any CPU
		{A1D942C5-BCBC-40C1-8712-99E9002AE48A}.Release|Any CPU.Build.0 = Release|Any CPU
	EndGlobalSection
	GlobalSection(SolutionProperties) = preSolution
		HideSolutionNode = FALSE
	EndGlobalSection
	GlobalSection(ExtensibilityGlobals) = postSolution
		SolutionGuid = {97FF40D0-595A-4F50-B3E9-B271E48F9CA5}
	EndGlobalSection
EndGlobal
